<?xml version="1.0" encoding="utf-8"?>
<Project ToolsVersion="4.0" xmlns="http://schemas.microsoft.com/developer/msbuild/2003">
  <ItemGroup>
    <Filter Include="源文件">
      <UniqueIdentifier>{4FC737F1-C7A5-4376-A066-2A32D752A2FF}</UniqueIdentifier>
      <Extensions>cpp;c;cc;cxx;c++;cppm;ixx;def;odl;idl;hpj;bat;asm;asmx</Extensions>
    </Filter>
    <Filter Include="头文件">
      <UniqueIdentifier>{93995380-89BD-4b04-88EB-625FBE52EBFB}</UniqueIdentifier>
      <Extensions>h;hh;hpp;hxx;h++;hm;inl;inc;ipp;xsd</Extensions>
    </Filter>
    <Filter Include="资源文件">
      <UniqueIdentifier>{67DA6AB6-F800-4c08-8B7A-83BB121AAD01}</UniqueIdentifier>
      <Extensions>rc;ico;cur;bmp;dlg;rc2;rct;bin;rgs;gif;jpg;jpeg;jpe;resx;tiff;tif;png;wav;mfcribbon-ms</Extensions>
    </Filter>
  </ItemGroup>
  <ItemGroup>
    <ClCompile Include="src\main.cpp">
      <Filter>源文件</Filter>
    </ClCompile>
    <ClCompile Include="src\Renderer.cpp">
      <Filter>源文件</Filter>
    </ClCompile>
    <ClCompile Include="src\VertexBuffer.cpp">
      <Filter>源文件</Filter>
    </ClCompile>
    <ClCompile Include="src\IndexBuffer.cpp">
      <Filter>源文件</Filter>
    </ClCompile>
    <ClCompile Include="src\VertexArray.cpp">
      <Filter>源文件</Filter>
    </ClCompile>
    <ClCompile Include="src\VertexBufferLayout.cpp">
      <Filter>源文件</Filter>
    </ClCompile>
    <ClCompile Include="src\Shader.cpp">
      <Filter>源文件</Filter>
    </ClCompile>
    <ClCompile Include="src\Texture.cpp">
      <Filter>源文件</Filter>
    </ClCompile>
    <ClCompile Include="src\ImGui\ImGuiBuilder.cpp">
      <Filter>源文件</Filter>
    </ClCompile>
    <ClCompile Include="src\ImGui\ImGuiLayer.cpp">
      <Filter>源文件</Filter>
    </ClCompile>
    <ClCompile Include="src\Window.cpp">
      <Filter>源文件</Filter>
    </ClCompile>
    <ClCompile Include="src\Test\TestColor.cpp">
      <Filter>源文件</Filter>
    </ClCompile>
    <ClCompile Include="src\Test\TestManager.cpp">
      <Filter>源文件</Filter>
    </ClCompile>
    <ClCompile Include="src\Test\TestTexture2D.cpp">
      <Filter>源文件</Filter>
    </ClCompile>
    <ClCompile Include="src\Camera\Camera.cpp">
      <Filter>源文件</Filter>
    </ClCompile>
    <ClCompile Include="src\Model\Mesh.cpp">
      <Filter>源文件</Filter>
    </ClCompile>
    <ClCompile Include="src\dependencies\stb_image\stb_image\stb_image.cpp">
      <Filter>源文件</Filter>
    </ClCompile>
    <ClCompile Include="src\Model\Model.cpp">
      <Filter>源文件</Filter>
    </ClCompile>
    <ClCompile Include="src\Geometry\Cube.cpp">
      <Filter>源文件</Filter>
    </ClCompile>
    <ClCompile Include="src\Test\TestBlend.cpp">
      <Filter>源文件</Filter>
    </ClCompile>
    <ClCompile Include="src\Geometry\Rectangle.cpp">
      <Filter>源文件</Filter>
    </ClCompile>
    <ClCompile Include="src\Test\TestCullFace.cpp">
      <Filter>源文件</Filter>
    </ClCompile>
    <ClCompile Include="src\Test\TestFrameBuffer.cpp">
      <Filter>源文件</Filter>
    </ClCompile>
    <ClCompile Include="src\Test\TestPostProcess.cpp">
      <Filter>源文件</Filter>
    </ClCompile>
    <ClCompile Include="src\Test\TestCubeMap.cpp">
      <Filter>源文件</Filter>
    </ClCompile>
    <ClCompile Include="src\Test\TestGLSL.cpp">
      <Filter>源文件</Filter>
    </ClCompile>
    <ClCompile Include="src\Test\TestGeometryShader.cpp">
      <Filter>源文件</Filter>
    </ClCompile>
    <ClCompile Include="src\Test\TestInstance.cpp">
      <Filter>源文件</Filter>
    </ClCompile>
    <ClCompile Include="src\Test\TestAntiAliasing.cpp">
      <Filter>源文件</Filter>
    </ClCompile>
    <ClCompile Include="src\Test\TestShadowMapping.cpp">
      <Filter>源文件</Filter>
    </ClCompile>
    <ClCompile Include="src\Test\TestPointShadow.cpp">
      <Filter>源文件</Filter>
    </ClCompile>
    <ClCompile Include="src\Test\TestNormalTexture.cpp">
      <Filter>源文件</Filter>
    </ClCompile>
    <ClCompile Include="src\Test\TestParallaxMapping.cpp">
      <Filter>源文件</Filter>
    </ClCompile>
    <ClCompile Include="src\Test\TestHDR.cpp">
      <Filter>源文件</Filter>
    </ClCompile>
    <ClCompile Include="src\Test\TestBloom.cpp">
      <Filter>源文件</Filter>
    </ClCompile>
    <ClCompile Include="src\Test\TestGBuffer.cpp">
      <Filter>源文件</Filter>
    </ClCompile>
    <ClCompile Include="src\Test\TestSSAO.cpp">
      <Filter>源文件</Filter>
    </ClCompile>
  </ItemGroup>
  <ItemGroup>
    <ClInclude Include="src\Renderer.h">
      <Filter>头文件</Filter>
    </ClInclude>
    <ClInclude Include="src\VertexBuffer.h">
      <Filter>头文件</Filter>
    </ClInclude>
    <ClInclude Include="src\IndexBuffer.h">
      <Filter>头文件</Filter>
    </ClInclude>
    <ClInclude Include="src\VertexArray.h">
      <Filter>头文件</Filter>
    </ClInclude>
    <ClInclude Include="src\VertexBufferLayout.h">
      <Filter>头文件</Filter>
    </ClInclude>
    <ClInclude Include="src\Shader.h">
      <Filter>头文件</Filter>
    </ClInclude>
    <ClInclude Include="src\Texture.h">
      <Filter>头文件</Filter>
    </ClInclude>
    <ClInclude Include="src\ImGui\ImGuiLayer.h">
      <Filter>头文件</Filter>
    </ClInclude>
    <ClInclude Include="src\Window.h">
      <Filter>头文件</Filter>
    </ClInclude>
    <ClInclude Include="src\Test\Test.h">
      <Filter>头文件</Filter>
    </ClInclude>
    <ClInclude Include="src\Test\TestColor.h">
      <Filter>头文件</Filter>
    </ClInclude>
    <ClInclude Include="src\Test\TestManager.h">
      <Filter>头文件</Filter>
    </ClInclude>
    <ClInclude Include="src\Test\TestTexture2D.h">
      <Filter>头文件</Filter>
    </ClInclude>
    <ClInclude Include="src\Camera\Camera.h">
      <Filter>头文件</Filter>
    </ClInclude>
    <ClInclude Include="src\Model\Mesh.h">
      <Filter>头文件</Filter>
    </ClInclude>
    <ClInclude Include="src\dependencies\stb_image\stb_image\stb_image.h">
      <Filter>头文件</Filter>
    </ClInclude>
    <ClInclude Include="src\Model\Model.h">
      <Filter>头文件</Filter>
    </ClInclude>
    <ClInclude Include="src\Geometry\Cube.h">
      <Filter>头文件</Filter>
    </ClInclude>
    <ClInclude Include="src\Test\TestBlend.h">
      <Filter>头文件</Filter>
    </ClInclude>
    <ClInclude Include="src\Geometry\Rectangle.h">
      <Filter>头文件</Filter>
    </ClInclude>
    <ClInclude Include="src\Test\TestCullFace.h">
      <Filter>头文件</Filter>
    </ClInclude>
    <ClInclude Include="src\Test\TestFrameBuffer.h">
      <Filter>头文件</Filter>
    </ClInclude>
    <ClInclude Include="src\Test\TestPostProcess.h">
      <Filter>头文件</Filter>
    </ClInclude>
    <ClInclude Include="src\Test\TestCubeMap.h">
      <Filter>头文件</Filter>
    </ClInclude>
    <ClInclude Include="src\Test\TestGLSL.h">
      <Filter>头文件</Filter>
    </ClInclude>
    <ClInclude Include="src\Test\TestGeometryShader.h">
      <Filter>头文件</Filter>
    </ClInclude>
    <ClInclude Include="src\Test\TestInstance.h">
      <Filter>头文件</Filter>
    </ClInclude>
    <ClInclude Include="src\Test\TestAntiAliasing.h">
      <Filter>头文件</Filter>
    </ClInclude>
    <ClInclude Include="src\Test\TestShadowMapping.h">
      <Filter>头文件</Filter>
    </ClInclude>
    <ClInclude Include="src\Test\TestPointShadow.h">
      <Filter>头文件</Filter>
    </ClInclude>
    <ClInclude Include="src\Test\TestNormalTexture.h">
      <Filter>头文件</Filter>
    </ClInclude>
    <ClInclude Include="src\Test\TestParallaxMapping.h">
      <Filter>头文件</Filter>
    </ClInclude>
    <ClInclude Include="src\Test\TestHDR.h">
      <Filter>头文件</Filter>
    </ClInclude>
    <ClInclude Include="src\Test\TestBloom.h">
      <Filter>头文件</Filter>
    </ClInclude>
    <ClInclude Include="src\Test\TestGBuffer.h">
      <Filter>头文件</Filter>
    </ClInclude>
    <ClInclude Include="src\Test\TestSSAO.h">
      <Filter>头文件</Filter>
    </ClInclude>
  </ItemGroup>
  <ItemGroup>
    <None Include="src\dependencies\glm\.appveyor.yml" />
    <None Include="src\dependencies\glm\.gitignore" />
    <None Include="src\dependencies\glm\.travis.yml" />
    <None Include="src\dependencies\glm\manual.md" />
    <None Include="src\dependencies\glm\readme.md" />
    <None Include="res\Shaders\cube.shader" />
    <None Include="res\Shaders\man.shader" />
    <None Include="res\Shaders\cube_stencil.shader" />
    <None Include="res\Shaders\TestTexture2d\TestTexture2D.shader" />
    <None Include="res\Shaders\TestGeometryShader\base.shader" />
    <None Include="res\Shaders\TestInstance\base.shader" />
    <None Include="res\Shaders\TestAntiAliasing\base.shader" />
    <None Include="res\Shaders\TestShadowMapping\base.shader" />
    <None Include="res\Shaders\TestShadowMapping\shadow.shader" />
    <None Include="res\Shaders\TestPointShadow\base.shader" />
    <None Include="res\Shaders\TestPointShadow\shadow.shader" />
    <None Include="res\Shaders\TestNormalTexture\base.shader" />
    <None Include="res\Shaders\TestParallaxMapping\base.shader" />
    <None Include="res\Shaders\TestHDR\base.shader" />
    <None Include="res\Shaders\TestHDR\hdr.shader" />
    <None Include="res\Shaders\TestBloom\base.shader" />
    <None Include="res\Shaders\TestBloom\light.shader" />
    <None Include="res\Shaders\TestBloom\bloom.shader" />
    <None Include="res\Shaders\TestBloom\screen.shader" />
    <None Include="res\Shaders\TestGBuffer\base.shader" />
    <None Include="res\Shaders\TestGBuffer\gbuffer.shader" />
    <None Include="res\Shaders\TestSSAO\base.shader" />
    <None Include="res\Shaders\TestSSAO\ssao.shader" />
    <None Include="res\Shaders\TestSSAO\screen.shader" />
  </ItemGroup>
  <ItemGroup>
    <Text Include="src\dependencies\glm\CMakeLists.txt" />
    <Text Include="src\dependencies\glm\copying.txt" />
  </ItemGroup>
</Project>